# This file is automatically @generated by Cargo.
# It is not intended for manual editing.
version = 3

[[package]]
name = "enums"
version = "0.1.0"

[[package]]
name = "human-struct"
version = "0.1.0"

[[package]]
name = "leet"
version = "0.1.0"

[[package]]
name = "ownership"
version = "0.1.0"

[[package]]
name = "simons-program"
version = "0.1.0"
